Microsoft Visual Studio Solution File, Format Version 12.00
# Visual Studio Version 17
VisualStudioVersion = 17.5.2.0
MinimumVisualStudioVersion = 10.0.40219.1
Project("{2150E333-8FDC-42A3-9474-1A3956D46DE8}") = "Demo", "Demo", "{A39C23D2-F2C0-258D-165A-CF1E7FEE6E7B}"
EndProject
Project("{2150E333-8FDC-42A3-9474-1A3956D46DE8}") = "Laby", "Laby", "{B6D1274B-EB68-E367-B6A7-CD54AAB5BD5F}"
EndProject
Project("{FAE04EC0-301F-11D3-BF4B-00C04F79EFBC}") = "EventWaitHandleDemo", "Demo\EventWaitHandleDemo\EventWaitHandleDemo.csproj", "{A3BF35CC-F6CA-42DA-DEA4-189951CB5A49}"
EndProject
Project("{FAE04EC0-301F-11D3-BF4B-00C04F79EFBC}") = "EventWaitHandleDemoExtra", "Demo\EventWaitHandleDemoExtra\EventWaitHandleDemoExtra.csproj", "{BE4F04E0-3C61-DC42-EFFF-171A7845C6E7}"
EndProject
Project("{FAE04EC0-301F-11D3-BF4B-00C04F79EFBC}") = "EventWaitHandleDemoManual", "Demo\EventWaitHandleDemoManual\EventWaitHandleDemoManual.csproj", "{9792A1B6-6C07-961C-FD6B-B91A431AB6A6}"
EndProject
Project("{FAE04EC0-301F-11D3-BF4B-00C04F79EFBC}") = "MemoryBarrierDemo", "Demo\MemoryBarrierDemo\MemoryBarrierDemo.csproj", "{00EF5E52-3F90-8B7D-9C38-A03A72AF986E}"
EndProject
Project("{FAE04EC0-301F-11D3-BF4B-00C04F79EFBC}") = "SpinLockDemo", "Demo\SpinLockDemo\SpinLockDemo.csproj", "{4E3CC86C-A546-4128-BD12-EC49DEDDA3D1}"
EndProject
Project("{FAE04EC0-301F-11D3-BF4B-00C04F79EFBC}") = "VolatileDemo", "Demo\VolatileDemo\VolatileDemo.csproj", "{3AF18339-271D-746B-BCC6-2B14E3F4473D}"
EndProject
Project("{FAE04EC0-301F-11D3-BF4B-00C04F79EFBC}") = "Lab2", "Laby\Lab2\Lab2.csproj", "{1CDE2639-9C69-C45F-B538-8DE46EEA0843}"
EndProject
Project("{FAE04EC0-301F-11D3-BF4B-00C04F79EFBC}") = "Lab3", "Laby\Lab3\LOHBuffer\LOHBuffer\Lab3.csproj", "{D4D1091C-EAAB-2063-235E-FA8D00016F85}"
EndProject
Project("{FAE04EC0-301F-11D3-BF4B-00C04F79EFBC}") = "MemoryBarrierSingletonDemo", "Demo\MemoryBarrierSingletonDemo\MemoryBarrierSingletonDemo.csproj", "{5BE2E9B0-D355-F61C-AAD9-EA6D3CAA8272}"
EndProject
Project("{FAE04EC0-301F-11D3-BF4B-00C04F79EFBC}") = "ParallelInvokeDemo", "Demo\ParallelInvokeDemo\ParallelInvokeDemo.csproj", "{BADE2798-DBA3-11BD-2F61-C630F760997B}"
EndProject
Project("{FAE04EC0-301F-11D3-BF4B-00C04F79EFBC}") = "PLINQDemo", "Demo\PLINQDemo\PLINQDemo.csproj", "{6FDC1982-8FE2-964A-80F1-87F9647DE7BC}"
EndProject
Project("{FAE04EC0-301F-11D3-BF4B-00C04F79EFBC}") = "SemaphorePoolDemo", "Demo\SemaphorePoolDemo\SemaphorePoolDemo.csproj", "{66C67159-9592-D120-FEFE-91189DB7CD04}"
EndProject
Project("{FAE04EC0-301F-11D3-BF4B-00C04F79EFBC}") = "SpinWait", "Demo\SpinWait\SpinWait.csproj", "{29EE5F32-AB51-5A4D-7C94-39DD4159F610}"
EndProject
Project("{FAE04EC0-301F-11D3-BF4B-00C04F79EFBC}") = "TaskDemo1", "Demo\TaskDemo1\TaskDemo1.csproj", "{41F6C0BF-EC41-1471-1F21-9BE5022C7862}"
EndProject
Project("{FAE04EC0-301F-11D3-BF4B-00C04F79EFBC}") = "Lab4", "Laby\Lab4\Lab4.csproj", "{88B28C8D-E081-4CAD-B99D-24EB076B31AB}"
EndProject
Global
	GlobalSection(SolutionConfigurationPlatforms) = preSolution
		Debug|Any CPU = Debug|Any CPU
		Release|Any CPU = Release|Any CPU
	EndGlobalSection
	GlobalSection(ProjectConfigurationPlatforms) = postSolution
		{A3BF35CC-F6CA-42DA-DEA4-189951CB5A49}.Debug|Any CPU.ActiveCfg = Debug|Any CPU
		{A3BF35CC-F6CA-42DA-DEA4-189951CB5A49}.Debug|Any CPU.Build.0 = Debug|Any CPU
		{A3BF35CC-F6CA-42DA-DEA4-189951CB5A49}.Release|Any CPU.ActiveCfg = Release|Any CPU
		{A3BF35CC-F6CA-42DA-DEA4-189951CB5A49}.Release|Any CPU.Build.0 = Release|Any CPU
		{BE4F04E0-3C61-DC42-EFFF-171A7845C6E7}.Debug|Any CPU.ActiveCfg = Debug|Any CPU
		{BE4F04E0-3C61-DC42-EFFF-171A7845C6E7}.Debug|Any CPU.Build.0 = Debug|Any CPU
		{BE4F04E0-3C61-DC42-EFFF-171A7845C6E7}.Release|Any CPU.ActiveCfg = Release|Any CPU
		{BE4F04E0-3C61-DC42-EFFF-171A7845C6E7}.Release|Any CPU.Build.0 = Release|Any CPU
		{9792A1B6-6C07-961C-FD6B-B91A431AB6A6}.Debug|Any CPU.ActiveCfg = Debug|Any CPU
		{9792A1B6-6C07-961C-FD6B-B91A431AB6A6}.Debug|Any CPU.Build.0 = Debug|Any CPU
		{9792A1B6-6C07-961C-FD6B-B91A431AB6A6}.Release|Any CPU.ActiveCfg = Release|Any CPU
		{9792A1B6-6C07-961C-FD6B-B91A431AB6A6}.Release|Any CPU.Build.0 = Release|Any CPU
		{00EF5E52-3F90-8B7D-9C38-A03A72AF986E}.Debug|Any CPU.ActiveCfg = Debug|Any CPU
		{00EF5E52-3F90-8B7D-9C38-A03A72AF986E}.Debug|Any CPU.Build.0 = Debug|Any CPU
		{00EF5E52-3F90-8B7D-9C38-A03A72AF986E}.Release|Any CPU.ActiveCfg = Release|Any CPU
		{00EF5E52-3F90-8B7D-9C38-A03A72AF986E}.Release|Any CPU.Build.0 = Release|Any CPU
		{4E3CC86C-A546-4128-BD12-EC49DEDDA3D1}.Debug|Any CPU.ActiveCfg = Debug|Any CPU
		{4E3CC86C-A546-4128-BD12-EC49DEDDA3D1}.Debug|Any CPU.Build.0 = Debug|Any CPU
		{4E3CC86C-A546-4128-BD12-EC49DEDDA3D1}.Release|Any CPU.ActiveCfg = Release|Any CPU
		{4E3CC86C-A546-4128-BD12-EC49DEDDA3D1}.Release|Any CPU.Build.0 = Release|Any CPU
		{3AF18339-271D-746B-BCC6-2B14E3F4473D}.Debug|Any CPU.ActiveCfg = Debug|Any CPU
		{3AF18339-271D-746B-BCC6-2B14E3F4473D}.Debug|Any CPU.Build.0 = Debug|Any CPU
		{3AF18339-271D-746B-BCC6-2B14E3F4473D}.Release|Any CPU.ActiveCfg = Release|Any CPU
		{3AF18339-271D-746B-BCC6-2B14E3F4473D}.Release|Any CPU.Build.0 = Release|Any CPU
		{1CDE2639-9C69-C45F-B538-8DE46EEA0843}.Debug|Any CPU.ActiveCfg = Debug|Any CPU
		{1CDE2639-9C69-C45F-B538-8DE46EEA0843}.Debug|Any CPU.Build.0 = Debug|Any CPU
		{1CDE2639-9C69-C45F-B538-8DE46EEA0843}.Release|Any CPU.ActiveCfg = Release|Any CPU
		{1CDE2639-9C69-C45F-B538-8DE46EEA0843}.Release|Any CPU.Build.0 = Release|Any CPU
		{D4D1091C-EAAB-2063-235E-FA8D00016F85}.Debug|Any CPU.ActiveCfg = Debug|Any CPU
		{D4D1091C-EAAB-2063-235E-FA8D00016F85}.Debug|Any CPU.Build.0 = Debug|Any CPU
		{D4D1091C-EAAB-2063-235E-FA8D00016F85}.Release|Any CPU.ActiveCfg = Release|Any CPU
		{D4D1091C-EAAB-2063-235E-FA8D00016F85}.Release|Any CPU.Build.0 = Release|Any CPU
		{5BE2E9B0-D355-F61C-AAD9-EA6D3CAA8272}.Debug|Any CPU.ActiveCfg = Debug|Any CPU
		{5BE2E9B0-D355-F61C-AAD9-EA6D3CAA8272}.Debug|Any CPU.Build.0 = Debug|Any CPU
		{5BE2E9B0-D355-F61C-AAD9-EA6D3CAA8272}.Release|Any CPU.ActiveCfg = Release|Any CPU
		{5BE2E9B0-D355-F61C-AAD9-EA6D3CAA8272}.Release|Any CPU.Build.0 = Release|Any CPU
		{BADE2798-DBA3-11BD-2F61-C630F760997B}.Debug|Any CPU.ActiveCfg = Debug|Any CPU
		{BADE2798-DBA3-11BD-2F61-C630F760997B}.Debug|Any CPU.Build.0 = Debug|Any CPU
		{BADE2798-DBA3-11BD-2F61-C630F760997B}.Release|Any CPU.ActiveCfg = Release|Any CPU
		{BADE2798-DBA3-11BD-2F61-C630F760997B}.Release|Any CPU.Build.0 = Release|Any CPU
		{6FDC1982-8FE2-964A-80F1-87F9647DE7BC}.Debug|Any CPU.ActiveCfg = Debug|Any CPU
		{6FDC1982-8FE2-964A-80F1-87F9647DE7BC}.Debug|Any CPU.Build.0 = Debug|Any CPU
		{6FDC1982-8FE2-964A-80F1-87F9647DE7BC}.Release|Any CPU.ActiveCfg = Release|Any CPU
		{6FDC1982-8FE2-964A-80F1-87F9647DE7BC}.Release|Any CPU.Build.0 = Release|Any CPU
		{66C67159-9592-D120-FEFE-91189DB7CD04}.Debug|Any CPU.ActiveCfg = Debug|Any CPU
		{66C67159-9592-D120-FEFE-91189DB7CD04}.Debug|Any CPU.Build.0 = Debug|Any CPU
		{66C67159-9592-D120-FEFE-91189DB7CD04}.Release|Any CPU.ActiveCfg = Release|Any CPU
		{66C67159-9592-D120-FEFE-91189DB7CD04}.Release|Any CPU.Build.0 = Release|Any CPU
		{29EE5F32-AB51-5A4D-7C94-39DD4159F610}.Debug|Any CPU.ActiveCfg = Debug|Any CPU
		{29EE5F32-AB51-5A4D-7C94-39DD4159F610}.Debug|Any CPU.Build.0 = Debug|Any CPU
		{29EE5F32-AB51-5A4D-7C94-39DD4159F610}.Release|Any CPU.ActiveCfg = Release|Any CPU
		{29EE5F32-AB51-5A4D-7C94-39DD4159F610}.Release|Any CPU.Build.0 = Release|Any CPU
		{41F6C0BF-EC41-1471-1F21-9BE5022C7862}.Debug|Any CPU.ActiveCfg = Debug|Any CPU
		{41F6C0BF-EC41-1471-1F21-9BE5022C7862}.Debug|Any CPU.Build.0 = Debug|Any CPU
		{41F6C0BF-EC41-1471-1F21-9BE5022C7862}.Release|Any CPU.ActiveCfg = Release|Any CPU
		{41F6C0BF-EC41-1471-1F21-9BE5022C7862}.Release|Any CPU.Build.0 = Release|Any CPU
		{88B28C8D-E081-4CAD-B99D-24EB076B31AB}.Debug|Any CPU.ActiveCfg = Debug|Any CPU
		{88B28C8D-E081-4CAD-B99D-24EB076B31AB}.Debug|Any CPU.Build.0 = Debug|Any CPU
		{88B28C8D-E081-4CAD-B99D-24EB076B31AB}.Release|Any CPU.ActiveCfg = Release|Any CPU
		{88B28C8D-E081-4CAD-B99D-24EB076B31AB}.Release|Any CPU.Build.0 = Release|Any CPU
	EndGlobalSection
	GlobalSection(SolutionProperties) = preSolution
		HideSolutionNode = FALSE
	EndGlobalSection
	GlobalSection(NestedProjects) = preSolution
		{A3BF35CC-F6CA-42DA-DEA4-189951CB5A49} = {A39C23D2-F2C0-258D-165A-CF1E7FEE6E7B}
		{BE4F04E0-3C61-DC42-EFFF-171A7845C6E7} = {A39C23D2-F2C0-258D-165A-CF1E7FEE6E7B}
		{9792A1B6-6C07-961C-FD6B-B91A431AB6A6} = {A39C23D2-F2C0-258D-165A-CF1E7FEE6E7B}
		{00EF5E52-3F90-8B7D-9C38-A03A72AF986E} = {A39C23D2-F2C0-258D-165A-CF1E7FEE6E7B}
		{4E3CC86C-A546-4128-BD12-EC49DEDDA3D1} = {A39C23D2-F2C0-258D-165A-CF1E7FEE6E7B}
		{3AF18339-271D-746B-BCC6-2B14E3F4473D} = {A39C23D2-F2C0-258D-165A-CF1E7FEE6E7B}
		{1CDE2639-9C69-C45F-B538-8DE46EEA0843} = {B6D1274B-EB68-E367-B6A7-CD54AAB5BD5F}
		{D4D1091C-EAAB-2063-235E-FA8D00016F85} = {B6D1274B-EB68-E367-B6A7-CD54AAB5BD5F}
		{5BE2E9B0-D355-F61C-AAD9-EA6D3CAA8272} = {A39C23D2-F2C0-258D-165A-CF1E7FEE6E7B}
		{BADE2798-DBA3-11BD-2F61-C630F760997B} = {A39C23D2-F2C0-258D-165A-CF1E7FEE6E7B}
		{6FDC1982-8FE2-964A-80F1-87F9647DE7BC} = {A39C23D2-F2C0-258D-165A-CF1E7FEE6E7B}
		{66C67159-9592-D120-FEFE-91189DB7CD04} = {A39C23D2-F2C0-258D-165A-CF1E7FEE6E7B}
		{29EE5F32-AB51-5A4D-7C94-39DD4159F610} = {A39C23D2-F2C0-258D-165A-CF1E7FEE6E7B}
		{41F6C0BF-EC41-1471-1F21-9BE5022C7862} = {A39C23D2-F2C0-258D-165A-CF1E7FEE6E7B}
		{88B28C8D-E081-4CAD-B99D-24EB076B31AB} = {B6D1274B-EB68-E367-B6A7-CD54AAB5BD5F}
	EndGlobalSection
	GlobalSection(ExtensibilityGlobals) = postSolution
		SolutionGuid = {9E328181-952F-4380-A7F5-266F729E4BDF}
	EndGlobalSection
EndGlobal
